[[package]]
name = "attrs"
version = "22.1.0"
requires_python = ">=3.5"
summary = "Classes Without Boilerplate"

[[package]]
name = "colorama"
version = "0.4.5"
requires_python = ">=2.7, !=3.0.*, !=3.1.*, !=3.2.*, !=3.3.*, !=3.4.*"
summary = "Cross-platform colored terminal text."

[[package]]
name = "iniconfig"
version = "1.1.1"
summary = "iniconfig: brain-dead simple config-ini parsing"

[[package]]
name = "numpy"
version = "1.23.3"
requires_python = ">=3.8"
summary = "NumPy is the fundamental package for array computing with Python."

[[package]]
name = "packaging"
version = "21.3"
requires_python = ">=3.6"
summary = "Core utilities for Python packages"
dependencies = [
    "pyparsing!=3.0.5,>=2.0.2",
]

[[package]]
name = "pandas"
version = "1.5.0"
requires_python = ">=3.8"
summary = "Powerful data structures for data analysis, time series, and statistics"
dependencies = [
    "numpy>=1.20.3; python_version < \"3.10\"",
    "numpy>=1.21.0; python_version >= \"3.10\"",
    "python-dateutil>=2.8.1",
    "pytz>=2020.1",
]

[[package]]
name = "pluggy"
version = "1.0.0"
requires_python = ">=3.6"
summary = "plugin and hook calling mechanisms for python"

[[package]]
name = "py"
version = "1.11.0"
requires_python = ">=2.7, !=3.0.*, !=3.1.*, !=3.2.*, !=3.3.*, !=3.4.*"
summary = "library with cross-python path, ini-parsing, io, code, log facilities"

[[package]]
name = "pyparsing"
version = "3.0.9"
requires_python = ">=3.6.8"
summary = "pyparsing module - Classes and methods to define and execute parsing grammars"

[[package]]
name = "pytest"
version = "7.1.3"
requires_python = ">=3.7"
summary = "pytest: simple powerful testing with Python"
dependencies = [
    "attrs>=19.2.0",
    "colorama; sys_platform == \"win32\"",
    "iniconfig",
    "packaging",
    "pluggy<2.0,>=0.12",
    "py>=1.8.2",
    "tomli>=1.0.0",
]

[[package]]
name = "python-dateutil"
version = "2.8.2"
requires_python = "!=3.0.*,!=3.1.*,!=3.2.*,>=2.7"
summary = "Extensions to the standard Python datetime module"
dependencies = [
    "six>=1.5",
]

[[package]]
name = "pytz"
version = "2022.4"
summary = "World timezone definitions, modern and historical"

[[package]]
name = "six"
version = "1.16.0"
requires_python = ">=2.7, !=3.0.*, !=3.1.*, !=3.2.*"
summary = "Python 2 and 3 compatibility utilities"

[[package]]
name = "tomli"
version = "2.0.1"
requires_python = ">=3.7"
summary = "A lil' TOML parser"

[metadata]
lock_version = "4.0"
content_hash = "sha256:d54f4267a25af24b1ea2ba92de3e891f5303b6c3019a4ab8ba5e4c56033972a1"

[metadata.files]
"attrs 22.1.0" = [
    {url = "https://files.pythonhosted.org/packages/1a/cb/c4ffeb41e7137b23755a45e1bfec9cbb76ecf51874c6f1d113984ecaa32c/attrs-22.1.0.tar.gz", hash = "sha256:29adc2665447e5191d0e7c568fde78b21f9672d344281d0c6e1ab085429b22b6"},
    {url = "https://files.pythonhosted.org/packages/f2/bc/d817287d1aa01878af07c19505fafd1165cd6a119e9d0821ca1d1c20312d/attrs-22.1.0-py2.py3-none-any.whl", hash = "sha256:86efa402f67bf2df34f51a335487cf46b1ec130d02b8d39fd248abfd30da551c"},
]
"colorama 0.4.5" = [
    {url = "https://files.pythonhosted.org/packages/2b/65/24d033a9325ce42ccbfa3ca2d0866c7e89cc68e5b9d92ecaba9feef631df/colorama-0.4.5.tar.gz", hash = "sha256:e6c6b4334fc50988a639d9b98aa429a0b57da6e17b9a44f0451f930b6967b7a4"},
    {url = "https://files.pythonhosted.org/packages/77/8b/7550e87b2d308a1b711725dfaddc19c695f8c5fa413c640b2be01662f4e6/colorama-0.4.5-py2.py3-none-any.whl", hash = "sha256:854bf444933e37f5824ae7bfc1e98d5bce2ebe4160d46b5edf346a89358e99da"},
]
"iniconfig 1.1.1" = [
    {url = "https://files.pythonhosted.org/packages/23/a2/97899f6bd0e873fed3a7e67ae8d3a08b21799430fb4da15cfedf10d6e2c2/iniconfig-1.1.1.tar.gz", hash = "sha256:bc3af051d7d14b2ee5ef9969666def0cd1a000e121eaea580d4a313df4b37f32"},
    {url = "https://files.pythonhosted.org/packages/9b/dd/b3c12c6d707058fa947864b67f0c4e0c39ef8610988d7baea9578f3c48f3/iniconfig-1.1.1-py2.py3-none-any.whl", hash = "sha256:011e24c64b7f47f6ebd835bb12a743f2fbe9a26d4cecaa7f53bc4f35ee9da8b3"},
]
"numpy 1.23.3" = [
    {url = "https://files.pythonhosted.org/packages/07/ef/282bcb710c7e5a6f56a77529e5f8d42ad05ed44f87e65f2771937d5b84aa/numpy-1.23.3-cp39-cp39-manylinux_2_17_aarch64.manylinux2014_aarch64.whl", hash = "sha256:e5d5420053bbb3dd64c30e58f9363d7a9c27444c3648e61460c1237f9ec3fa14"},
    {url = "https://files.pythonhosted.org/packages/0a/88/f4f0c7a982efdf7bf22f283acf6009b29a9cc5835b684a49f8d3a4adb22f/numpy-1.23.3.tar.gz", hash = "sha256:51bf49c0cd1d52be0a240aa66f3458afc4b95d8993d2d04f0d91fa60c10af6cd"},
    {url = "https://files.pythonhosted.org/packages/23/a4/0c900aa23c934018f714f1c168e6f615bc70fc26a9a996b06185e6d33665/numpy-1.23.3-cp39-cp39-win_amd64.whl", hash = "sha256:78a63d2df1d947bd9d1b11d35564c2f9e4b57898aae4626638056ec1a231c40c"},
    {url = "https://files.pythonhosted.org/packages/24/3d/b06a0b15aad299c8e53c752b8deaf2431b4f1a4d281bb536019ce4ec2659/numpy-1.23.3-cp39-cp39-macosx_11_0_arm64.whl", hash = "sha256:8c79d7cf86d049d0c5089231a5bcd31edb03555bd93d81a16870aa98c6cfb79d"},
    {url = "https://files.pythonhosted.org/packages/24/3e/fbbef2c3a04ed1d237fe4711146f111631d02f5155c1dbeb713005787cf5/numpy-1.23.3-cp38-cp38-manylinux_2_17_aarch64.manylinux2014_aarch64.whl", hash = "sha256:a64403f634e5ffdcd85e0b12c08f04b3080d3e840aef118721021f9b48fc1460"},
    {url = "https://files.pythonhosted.org/packages/2e/bd/286dacf2655c4db1a5076390337c746452a08def20daa53b4903722545d2/numpy-1.23.3-cp311-cp311-win_amd64.whl", hash = "sha256:8355fc10fd33a5a70981a5b8a0de51d10af3688d7a9e4a34fcc8fa0d7467bb7f"},
    {url = "https://files.pythonhosted.org/packages/3a/0c/8d8fe64dcfbeac1dabeb8ae74c8b697a18cf48adfced980291abcc266984/numpy-1.23.3-cp310-cp310-macosx_10_9_x86_64.whl", hash = "sha256:c9f707b5bb73bf277d812ded9896f9512a43edff72712f31667d0a8c2f8e71ee"},
    {url = "https://files.pythonhosted.org/packages/3b/93/e613ce34c908f3228fa181241ae9505c42a72ffc630af9e5173c2f26f406/numpy-1.23.3-cp38-cp38-macosx_11_0_arm64.whl", hash = "sha256:22d43376ee0acd547f3149b9ec12eec2f0ca4a6ab2f61753c5b29bb3e795ac4d"},
    {url = "https://files.pythonhosted.org/packages/48/71/4a3866a3eedf80a2ca3cd5f56e1f7afdd041b2f0e6339b6a0d8a631f6b28/numpy-1.23.3-cp38-cp38-win32.whl", hash = "sha256:f8c02ec3c4c4fcb718fdf89a6c6f709b14949408e8cf2a2be5bfa9c49548fd85"},
    {url = "https://files.pythonhosted.org/packages/51/b6/861f5e9d59c1bb6c05467f5ddcba965cb2c4b1fd62f6bf7b4c4632492625/numpy-1.23.3-cp310-cp310-win_amd64.whl", hash = "sha256:39a664e3d26ea854211867d20ebcc8023257c1800ae89773cbba9f9e97bae036"},
    {url = "https://files.pythonhosted.org/packages/58/4f/55b0ea97b18e885b67aa41a9929d6a6414da7ddad5ebbd10a9c4ad086640/numpy-1.23.3-cp311-cp311-win32.whl", hash = "sha256:7cd1328e5bdf0dee621912f5833648e2daca72e3839ec1d6695e91089625f0b4"},
    {url = "https://files.pythonhosted.org/packages/59/ec/57f87fe9dc2f8390edd1341d2ee9caa90c251f09524286476f536555ffc1/numpy-1.23.3-cp38-cp38-win_amd64.whl", hash = "sha256:e868b0389c5ccfc092031a861d4e158ea164d8b7fdbb10e3b5689b4fc6498df6"},
    {url = "https://files.pythonhosted.org/packages/75/25/196d280e3570e19bc9c553af6941b13289ff520069bffa047a80b47e549a/numpy-1.23.3-cp310-cp310-win32.whl", hash = "sha256:98dcbc02e39b1658dc4b4508442a560fe3ca5ca0d989f0df062534e5ca3a5c1a"},
    {url = "https://files.pythonhosted.org/packages/80/d9/29eb382c47203f3ee7a758eb1e2620daad08c3f74372a752b2965d8d8c7a/numpy-1.23.3-pp38-pypy38_pp73-macosx_10_9_x86_64.whl", hash = "sha256:17c0e467ade9bda685d5ac7f5fa729d8d3e76b23195471adae2d6a6941bd2c18"},
    {url = "https://files.pythonhosted.org/packages/81/03/6b9e924e39d90a67a7c01952b5768818ed24f888b0da9f333ad2246a3514/numpy-1.23.3-cp39-cp39-macosx_10_9_x86_64.whl", hash = "sha256:09f6b7bdffe57fc61d869a22f506049825d707b288039d30f26a0d0d8ea05164"},
    {url = "https://files.pythonhosted.org/packages/89/68/0400fdd510bc2e22aa658873110a525452de90bd1058eb55183438d8527b/numpy-1.23.3-cp39-cp39-win32.whl", hash = "sha256:c1ba66c48b19cc9c2975c0d354f24058888cdc674bebadceb3cdc9ec403fb5d1"},
    {url = "https://files.pythonhosted.org/packages/8d/51/bfaf6dc8279c58fcd8234e9b0f0b86146e3a8814159cd30875154f743061/numpy-1.23.3-cp311-cp311-macosx_10_9_x86_64.whl", hash = "sha256:1f27b5322ac4067e67c8f9378b41c746d8feac8bdd0e0ffede5324667b8a075c"},
    {url = "https://files.pythonhosted.org/packages/98/e0/481ed31801a69089aac50fe57229f8396b1d9cf4c85054275f9c909b13d9/numpy-1.23.3-cp310-cp310-manylinux_2_17_aarch64.manylinux2014_aarch64.whl", hash = "sha256:0ea3f98a0ffce3f8f57675eb9119f3f4edb81888b6874bc1953f91e0b1d4f440"},
    {url = "https://files.pythonhosted.org/packages/aa/a7/92b7d2698d7deabd0b846c3ad487495ef3af1dceac8a1f2b358cd20caecf/numpy-1.23.3-pp38-pypy38_pp73-manylinux_2_17_x86_64.manylinux2014_x86_64.whl", hash = "sha256:91b8d6768a75247026e951dce3b2aac79dc7e78622fc148329135ba189813584"},
    {url = "https://files.pythonhosted.org/packages/b1/84/0af94541d21dd2d403377209f462b6b463dc4ba15158776285f1af2132ac/numpy-1.23.3-cp311-cp311-macosx_11_0_arm64.whl", hash = "sha256:2ad3ec9a748a8943e6eb4358201f7e1c12ede35f510b1a2221b70af4bb64295c"},
    {url = "https://files.pythonhosted.org/packages/c6/fd/9c3a4e030858115bfee2f81351c4614c475883cb97a3297d8de039dac046/numpy-1.23.3-pp38-pypy38_pp73-win_amd64.whl", hash = "sha256:94c15ca4e52671a59219146ff584488907b1f9b3fc232622b47e2cf832e94fb8"},
    {url = "https://files.pythonhosted.org/packages/c7/31/0298a8f62a8c82b8c542f78f3761e67cb8bf0450b3e61bbe66c5c54c1a81/numpy-1.23.3-cp310-cp310-manylinux_2_17_x86_64.manylinux2014_x86_64.whl", hash = "sha256:004f0efcb2fe1c0bd6ae1fcfc69cc8b6bf2407e0f18be308612007a0762b4089"},
    {url = "https://files.pythonhosted.org/packages/d2/09/9ab4e760206c10081d253db9a3d4db8fd040ffcec9d7cdf5376d99531d54/numpy-1.23.3-cp311-cp311-manylinux_2_17_x86_64.manylinux2014_x86_64.whl", hash = "sha256:301c00cf5e60e08e04d842fc47df641d4a181e651c7135c50dc2762ffe293dbd"},
    {url = "https://files.pythonhosted.org/packages/d6/e2/bed33bdbf513cd6d3fcb4377792ef1b8aad941da542a191e1e2a98c6621f/numpy-1.23.3-cp38-cp38-manylinux_2_17_x86_64.manylinux2014_x86_64.whl", hash = "sha256:efd9d3abe5774404becdb0748178b48a218f1d8c44e0375475732211ea47c67e"},
    {url = "https://files.pythonhosted.org/packages/d7/da/417e298fd3998ed1df4b492b400757ec331c310d4d6cbf5a2f4aa93717e8/numpy-1.23.3-cp310-cp310-macosx_11_0_arm64.whl", hash = "sha256:ffcf105ecdd9396e05a8e58e81faaaf34d3f9875f137c7372450baa5d77c9a54"},
    {url = "https://files.pythonhosted.org/packages/df/5b/7f03caa84950cf02f841c910a249ae526a858de9c87ef4357cfb723b02b1/numpy-1.23.3-cp311-cp311-manylinux_2_17_aarch64.manylinux2014_aarch64.whl", hash = "sha256:bdc9febce3e68b697d931941b263c59e0c74e8f18861f4064c1f712562903411"},
    {url = "https://files.pythonhosted.org/packages/e5/0e/c76c8cd19fa0477742e553471373e69f4aeb228b3b18aaac305a66cd5f5b/numpy-1.23.3-cp38-cp38-macosx_10_9_x86_64.whl", hash = "sha256:bc6e8da415f359b578b00bcfb1d08411c96e9a97f9e6c7adada554a0812a6cc6"},
    {url = "https://files.pythonhosted.org/packages/fe/8c/1dfc141202fb2b6b75f9ca4a6681eb5cb7f328d6d2d9d186e5675c468e6a/numpy-1.23.3-cp39-cp39-manylinux_2_17_x86_64.manylinux2014_x86_64.whl", hash = "sha256:d5422d6a1ea9b15577a9432e26608c73a78faf0b9039437b075cf322c92e98e7"},
]
"packaging 21.3" = [
    {url = "https://files.pythonhosted.org/packages/05/8e/8de486cbd03baba4deef4142bd643a3e7bbe954a784dc1bb17142572d127/packaging-21.3-py3-none-any.whl", hash = "sha256:ef103e05f519cdc783ae24ea4e2e0f508a9c99b2d4969652eed6a2e1ea5bd522"},
    {url = "https://files.pythonhosted.org/packages/df/9e/d1a7217f69310c1db8fdf8ab396229f55a699ce34a203691794c5d1cad0c/packaging-21.3.tar.gz", hash = "sha256:dd47c42927d89ab911e606518907cc2d3a1f38bbd026385970643f9c5b8ecfeb"},
]
"pandas 1.5.0" = [
    {url = "https://files.pythonhosted.org/packages/05/4b/cade88002bce6a808c44199617160bd9d78c23d4bb91950f4397aebf063f/pandas-1.5.0-cp38-cp38-macosx_10_9_x86_64.whl", hash = "sha256:1b82ccc7b093e0a93f8dffd97a542646a3e026817140e2c01266aaef5fdde11b"},
    {url = "https://files.pythonhosted.org/packages/0f/dc/9e6655b5403b2d29e96e950e6fcecb4dc57826325ef5fc9fd777abe666c1/pandas-1.5.0-cp311-cp311-manylinux_2_17_aarch64.manylinux2014_aarch64.whl", hash = "sha256:207d63ac851e60ec57458814613ef4b3b6a5e9f0b33c57623ba2bf8126c311f8"},
    {url = "https://files.pythonhosted.org/packages/10/ee/11b87cb8c1f7528f49c3eae401461759f7481eaf6b3f76f690d400a89410/pandas-1.5.0-cp311-cp311-macosx_10_9_universal2.whl", hash = "sha256:171cef540bfcec52257077816a4dbbac152acdb8236ba11d3196ae02bf0959d8"},
    {url = "https://files.pythonhosted.org/packages/13/94/ffc33b085128c3c67f29b5bee296a7761aa53147439710a01affe0695066/pandas-1.5.0-cp39-cp39-macosx_11_0_arm64.whl", hash = "sha256:85a516a7f6723ca1528f03f7851fa8d0360d1d6121cf15128b290cf79b8a7f6a"},
    {url = "https://files.pythonhosted.org/packages/1d/4c/59163e34135e72eda5f083aa89183f582d7a24415132f4bfc8ecc486125a/pandas-1.5.0-cp311-cp311-macosx_11_0_arm64.whl", hash = "sha256:86d87279ebc5bc20848b4ceb619073490037323f80f515e0ec891c80abad958a"},
    {url = "https://files.pythonhosted.org/packages/28/92/d8ede5d604e7970172e23e3bed9e9a19b841baed95e2fd6d87ac90f87026/pandas-1.5.0-cp310-cp310-win_amd64.whl", hash = "sha256:1642fc6138b4e45d57a12c1b464a01a6d868c0148996af23f72dde8d12486bbc"},
    {url = "https://files.pythonhosted.org/packages/2a/24/f5042daa59b91e94e6ea41edbb28d2b7e3712d0cf54a76f9ffde394efbe7/pandas-1.5.0.tar.gz", hash = "sha256:3ee61b881d2f64dd90c356eb4a4a4de75376586cd3c9341c6c0fcaae18d52977"},
    {url = "https://files.pythonhosted.org/packages/2b/a9/f5e78b7dea7ab35e713425eb571d72002cfdac2e5c9113ce40176c8dcc9e/pandas-1.5.0-cp39-cp39-win_amd64.whl", hash = "sha256:8a4fc04838615bf0a8d3a03ed68197f358054f0df61f390bcc64fbe39e3d71ec"},
    {url = "https://files.pythonhosted.org/packages/4a/ad/50a7329fcd1d23cca74dcd1eae4dfb429d5fb28963f5822649fda8320bf2/pandas-1.5.0-cp39-cp39-macosx_10_9_x86_64.whl", hash = "sha256:e9c5049333c5bebf993033f4bf807d163e30e8fada06e1da7fa9db86e2392009"},
    {url = "https://files.pythonhosted.org/packages/4c/cc/e4670163011b9ac92f728b871c617d8e9421461df5c30ececb65dce52ba6/pandas-1.5.0-cp38-cp38-manylinux_2_17_aarch64.manylinux2014_aarch64.whl", hash = "sha256:62e61003411382e20d7c2aec1ee8d7c86c8b9cf46290993dd8a0a3be44daeb38"},
    {url = "https://files.pythonhosted.org/packages/60/91/dd83dd2222b6c8f707a39b0d8da91158c42e4827d6962229553a31199548/pandas-1.5.0-cp38-cp38-win32.whl", hash = "sha256:e178ce2d7e3b934cf8d01dc2d48d04d67cb0abfaffdcc8aa6271fd5a436f39c8"},
    {url = "https://files.pythonhosted.org/packages/80/79/f59ad6186a5271c7b1ddeb261738f667a997e782ecd9a5ae55c6b4c15d73/pandas-1.5.0-cp39-cp39-win32.whl", hash = "sha256:2504c032f221ef9e4a289f5e46a42b76f5e087ecb67d62e342ccbba95a32a488"},
    {url = "https://files.pythonhosted.org/packages/82/6c/c35ea6ed019829714a8432da14690f442f96ffeb050343278fe0733fb768/pandas-1.5.0-cp310-cp310-macosx_10_9_universal2.whl", hash = "sha256:0d8d7433d19bfa33f11c92ad9997f15a902bda4f5ad3a4814a21d2e910894484"},
    {url = "https://files.pythonhosted.org/packages/85/74/1aafd4d480ee3c22c6b30c2449939e129f3a75bbb042ff6cc3bdcc99295c/pandas-1.5.0-cp39-cp39-macosx_10_9_universal2.whl", hash = "sha256:73844e247a7b7dac2daa9df7339ecf1fcf1dfb8cbfd11e3ffe9819ae6c31c515"},
    {url = "https://files.pythonhosted.org/packages/86/56/1166f3d36fda4e16f4d7296207fae1fa5c01352b32e9c480e1ed360b180e/pandas-1.5.0-cp311-cp311-macosx_10_9_x86_64.whl", hash = "sha256:a68a9b9754efff364b0c5ee5b0f18e15ca640c01afe605d12ba8b239ca304d6b"},
    {url = "https://files.pythonhosted.org/packages/8c/00/e247f93bd07133c47b1b6e7df5a5d5d1a3525d9ba790d38057e1e8ca66a0/pandas-1.5.0-cp310-cp310-macosx_11_0_arm64.whl", hash = "sha256:8e8e5edf97d8793f51d258c07c629bd49d271d536ce15d66ac00ceda5c150eb3"},
    {url = "https://files.pythonhosted.org/packages/91/e2/61f674f92e4a13a9c4b24260d2ca8c964e4affccfa3cb9fc2284996618a3/pandas-1.5.0-cp311-cp311-win_amd64.whl", hash = "sha256:de34636e2dc04e8ac2136a8d3c2051fd56ebe9fd6cd185581259330649e73ca9"},
    {url = "https://files.pythonhosted.org/packages/a2/bb/33c637f9d284a8b314aee0a6fc2c2ef243d9145e9480f910f4eca54e6887/pandas-1.5.0-cp310-cp310-manylinux_2_17_x86_64.manylinux2014_x86_64.whl", hash = "sha256:c76f1d104844c5360c21d2ef0e1a8b2ccf8b8ebb40788475e255b9462e32b2be"},
    {url = "https://files.pythonhosted.org/packages/a9/28/b22dee58c431006f84cc6336c44be980ba3ff90ce81e95f007e14f2c484d/pandas-1.5.0-cp38-cp38-macosx_10_9_universal2.whl", hash = "sha256:1d34b1f43d9e3f4aea056ba251f6e9b143055ebe101ed04c847b41bb0bb4a989"},
    {url = "https://files.pythonhosted.org/packages/aa/42/0933b9430425286d2ee3059e067ece3590b63542d9d7a9bb66d3a300ca85/pandas-1.5.0-cp38-cp38-macosx_11_0_arm64.whl", hash = "sha256:4e30a31039574d96f3d683df34ccb50bb435426ad65793e42a613786901f6761"},
    {url = "https://files.pythonhosted.org/packages/ba/51/5d6a6e360a69ce88b1170db0897d7c497f02fdbbf77281a9d01aa8eaa064/pandas-1.5.0-cp39-cp39-manylinux_2_17_aarch64.manylinux2014_aarch64.whl", hash = "sha256:947ed9f896ee61adbe61829a7ae1ade493c5a28c66366ec1de85c0642009faac"},
    {url = "https://files.pythonhosted.org/packages/d0/83/944ebe877e40b1ac9c47b4ea827f9358f10640ec0523e0b54cebf3d39d84/pandas-1.5.0-cp39-cp39-manylinux_2_17_x86_64.manylinux2014_x86_64.whl", hash = "sha256:c7f38d91f21937fe2bec9449570d7bf36ad7136227ef43b321194ec249e2149d"},
    {url = "https://files.pythonhosted.org/packages/da/4a/a0c8d3ba8d875a25578bcb3032b6ac9b2db3d016b0a762ab41e1a13f3b52/pandas-1.5.0-cp38-cp38-manylinux_2_17_x86_64.manylinux2014_x86_64.whl", hash = "sha256:fc987f7717e53d372f586323fff441263204128a1ead053c1b98d7288f836ac9"},
    {url = "https://files.pythonhosted.org/packages/f6/5d/4020469c1f7df76644b8575b160e9ccafdf1eeb5af7d0b5627e0f565fd18/pandas-1.5.0-cp310-cp310-macosx_10_9_x86_64.whl", hash = "sha256:5cc47f2ebaa20ef96ae72ee082f9e101b3dfbf74f0e62c7a12c0b075a683f03c"},
    {url = "https://files.pythonhosted.org/packages/fa/9d/c9820dbe371c1d6297f59ef76a17e032df2659addadfc76bb87106ca35db/pandas-1.5.0-cp310-cp310-manylinux_2_17_aarch64.manylinux2014_aarch64.whl", hash = "sha256:41aec9f87455306496d4486df07c1b98c15569c714be2dd552a6124cd9fda88f"},
    {url = "https://files.pythonhosted.org/packages/fa/d2/554c10c71f983040d513eca07c2661c6f4fff386652943561a948d55e13a/pandas-1.5.0-cp38-cp38-win_amd64.whl", hash = "sha256:33a9d9e21ab2d91e2ab6e83598419ea6a664efd4c639606b299aae8097c1c94f"},
    {url = "https://files.pythonhosted.org/packages/fa/fe/c81ad3991f2c6aeacf01973f1d37b1dc76c0682f312f104741602a9557f1/pandas-1.5.0-cp311-cp311-manylinux_2_17_x86_64.manylinux2014_x86_64.whl", hash = "sha256:e252a9e49b233ff96e2815c67c29702ac3a062098d80a170c506dff3470fd060"},
]
"pluggy 1.0.0" = [
    {url = "https://files.pythonhosted.org/packages/9e/01/f38e2ff29715251cf25532b9082a1589ab7e4f571ced434f98d0139336dc/pluggy-1.0.0-py2.py3-none-any.whl", hash = "sha256:74134bbf457f031a36d68416e1509f34bd5ccc019f0bcc952c7b909d06b37bd3"},
    {url = "https://files.pythonhosted.org/packages/a1/16/db2d7de3474b6e37cbb9c008965ee63835bba517e22cdb8c35b5116b5ce1/pluggy-1.0.0.tar.gz", hash = "sha256:4224373bacce55f955a878bf9cfa763c1e360858e330072059e10bad68531159"},
]
"py 1.11.0" = [
    {url = "https://files.pythonhosted.org/packages/98/ff/fec109ceb715d2a6b4c4a85a61af3b40c723a961e8828319fbcb15b868dc/py-1.11.0.tar.gz", hash = "sha256:51c75c4126074b472f746a24399ad32f6053d1b34b68d2fa41e558e6f4a98719"},
    {url = "https://files.pythonhosted.org/packages/f6/f0/10642828a8dfb741e5f3fbaac830550a518a775c7fff6f04a007259b0548/py-1.11.0-py2.py3-none-any.whl", hash = "sha256:607c53218732647dff4acdfcd50cb62615cedf612e72d1724fb1a0cc6405b378"},
]
"pyparsing 3.0.9" = [
    {url = "https://files.pythonhosted.org/packages/6c/10/a7d0fa5baea8fe7b50f448ab742f26f52b80bfca85ac2be9d35cdd9a3246/pyparsing-3.0.9-py3-none-any.whl", hash = "sha256:5026bae9a10eeaefb61dab2f09052b9f4307d44aee4eda64b309723d8d206bbc"},
    {url = "https://files.pythonhosted.org/packages/71/22/207523d16464c40a0310d2d4d8926daffa00ac1f5b1576170a32db749636/pyparsing-3.0.9.tar.gz", hash = "sha256:2b020ecf7d21b687f219b71ecad3631f644a47f01403fa1d1036b0c6416d70fb"},
]
"pytest 7.1.3" = [
    {url = "https://files.pythonhosted.org/packages/a4/a7/8c63a4966935b0d0b039fd67ebf2e1ae00f1af02ceb912d838814d772a9a/pytest-7.1.3.tar.gz", hash = "sha256:4f365fec2dff9c1162f834d9f18af1ba13062db0c708bf7b946f8a5c76180c39"},
    {url = "https://files.pythonhosted.org/packages/e3/b9/3541bbcb412a9fd56593005ff32183825634ef795a1c01ceb6dee86e7259/pytest-7.1.3-py3-none-any.whl", hash = "sha256:1377bda3466d70b55e3f5cecfa55bb7cfcf219c7964629b967c37cf0bda818b7"},
]
"python-dateutil 2.8.2" = [
    {url = "https://files.pythonhosted.org/packages/36/7a/87837f39d0296e723bb9b62bbb257d0355c7f6128853c78955f57342a56d/python_dateutil-2.8.2-py2.py3-none-any.whl", hash = "sha256:961d03dc3453ebbc59dbdea9e4e11c5651520a876d0f4db161e8674aae935da9"},
    {url = "https://files.pythonhosted.org/packages/4c/c4/13b4776ea2d76c115c1d1b84579f3764ee6d57204f6be27119f13a61d0a9/python-dateutil-2.8.2.tar.gz", hash = "sha256:0123cacc1627ae19ddf3c27a5de5bd67ee4586fbdd6440d9748f8abb483d3e86"},
]
"pytz 2022.4" = [
    {url = "https://files.pythonhosted.org/packages/31/da/2d48d3499b59c7f3c5d5e1c79fcee5537c320c8ab7b7a0cd2db578bc34b3/pytz-2022.4.tar.gz", hash = "sha256:48ce799d83b6f8aab2020e369b627446696619e79645419610b9facd909b3174"},
    {url = "https://files.pythonhosted.org/packages/d8/66/309545413162bc8271c73e622499a41cdc37217b499febe26155ff9f93ed/pytz-2022.4-py2.py3-none-any.whl", hash = "sha256:2c0784747071402c6e99f0bafdb7da0fa22645f06554c7ae06bf6358897e9c91"},
]
"six 1.16.0" = [
    {url = "https://files.pythonhosted.org/packages/71/39/171f1c67cd00715f190ba0b100d606d440a28c93c7714febeca8b79af85e/six-1.16.0.tar.gz", hash = "sha256:1e61c37477a1626458e36f7b1d82aa5c9b094fa4802892072e49de9c60c4c926"},
    {url = "https://files.pythonhosted.org/packages/d9/5a/e7c31adbe875f2abbb91bd84cf2dc52d792b5a01506781dbcf25c91daf11/six-1.16.0-py2.py3-none-any.whl", hash = "sha256:8abb2f1d86890a2dfb989f9a77cfcfd3e47c2a354b01111771326f8aa26e0254"},
]
"tomli 2.0.1" = [
    {url = "https://files.pythonhosted.org/packages/97/75/10a9ebee3fd790d20926a90a2547f0bf78f371b2f13aa822c759680ca7b9/tomli-2.0.1-py3-none-any.whl", hash = "sha256:939de3e7a6161af0c887ef91b7d41a53e7c5a1ca976325f429cb46ea9bc30ecc"},
    {url = "https://files.pythonhosted.org/packages/c0/3f/d7af728f075fb08564c5949a9c95e44352e23dee646869fa104a3b2060a3/tomli-2.0.1.tar.gz", hash = "sha256:de526c12914f0c550d15924c62d72abc48d6fe7364aa87328337a31007fe8a4f"},
]
